
Microsoft Visual Studio Solution File, Format Version 12.00
# Visual Studio Version 16
VisualStudioVersion = 16.0.30711.63
MinimumVisualStudioVersion = 10.0.40219.1
Project("{9A19103F-16F7-4668-BE54-9A1E7A4F7556}") = "BinarySearchTree", "BinarySearchTree\BinarySearchTree.csproj", "{6DB207BA-EE23-4484-AB87-1BBE1CB6F2B4}"
EndProject
Project("{FAE04EC0-301F-11D3-BF4B-00C04F79EFBC}") = "BinarySearchTreeTest", "BinarySearchTreeTest\BinarySearchTreeTest.csproj", "{1DAA598D-1337-4B18-AC9B-2A99DFC5EA89}"
EndProject
Global
	GlobalSection(SolutionConfigurationPlatforms) = preSolution
		Debug|Any CPU = Debug|Any CPU
		Release|Any CPU = Release|Any CPU
	EndGlobalSection
	GlobalSection(ProjectConfigurationPlatforms) = postSolution
		{6DB207BA-EE23-4484-AB87-1BBE1CB6F2B4}.Debug|Any CPU.ActiveCfg = Debug|Any CPU
		{6DB207BA-EE23-4484-AB87-1BBE1CB6F2B4}.Debug|Any CPU.Build.0 = Debug|Any CPU
		{6DB207BA-EE23-4484-AB87-1BBE1CB6F2B4}.Release|Any CPU.ActiveCfg = Release|Any CPU
		{6DB207BA-EE23-4484-AB87-1BBE1CB6F2B4}.Release|Any CPU.Build.0 = Release|Any CPU
		{1DAA598D-1337-4B18-AC9B-2A99DFC5EA89}.Debug|Any CPU.ActiveCfg = Debug|Any CPU
		{1DAA598D-1337-4B18-AC9B-2A99DFC5EA89}.Debug|Any CPU.Build.0 = Debug|Any CPU
		{1DAA598D-1337-4B18-AC9B-2A99DFC5EA89}.Release|Any CPU.ActiveCfg = Release|Any CPU
		{1DAA598D-1337-4B18-AC9B-2A99DFC5EA89}.Release|Any CPU.Build.0 = Release|Any CPU
	EndGlobalSection
	GlobalSection(SolutionProperties) = preSolution
		HideSolutionNode = FALSE
	EndGlobalSection
	GlobalSection(ExtensibilityGlobals) = postSolution
		SolutionGuid = {C0876013-C5C4-4D4D-BF98-0D34501FC246}
	EndGlobalSection
EndGlobal
